
Microsoft Visual Studio Solution File, Format Version 12.00
# Visual Studio Version 17
VisualStudioVersion = 17.5.002.0
MinimumVisualStudioVersion = 10.0.40219.1
Project("{9A19103F-16F7-4668-BE54-9A1E7A4F7556}") = "Array-ArrayDeletions", "Array-ArrayDeletions.csproj", "{8C2FBA20-ACA5-49DF-A3C6-5B8D7DDD50D3}"
EndProject
Global
	GlobalSection(SolutionConfigurationPlatforms) = preSolution
		Debug|Any CPU = Debug|Any CPU
		Release|Any CPU = Release|Any CPU
	EndGlobalSection
	GlobalSection(ProjectConfigurationPlatforms) = postSolution
		{8C2FBA20-ACA5-49DF-A3C6-5B8D7DDD50D3}.Debug|Any CPU.ActiveCfg = Debug|Any CPU
		{8C2FBA20-ACA5-49DF-A3C6-5B8D7DDD50D3}.Debug|Any CPU.Build.0 = Debug|Any CPU
		{8C2FBA20-ACA5-49DF-A3C6-5B8D7DDD50D3}.Release|Any CPU.ActiveCfg = Release|Any CPU
		{8C2FBA20-ACA5-49DF-A3C6-5B8D7DDD50D3}.Release|Any CPU.Build.0 = Release|Any CPU
	EndGlobalSection
	GlobalSection(SolutionProperties) = preSolution
		HideSolutionNode = FALSE
	EndGlobalSection
	GlobalSection(ExtensibilityGlobals) = postSolution
		SolutionGuid = {B355417C-DBF0-478F-8869-3743458A70E6}
	EndGlobalSection
EndGlobal
