
Microsoft Visual Studio Solution File, Format Version 12.00
# Visual Studio Version 17
VisualStudioVersion = 17.0.31903.59
MinimumVisualStudioVersion = 10.0.40219.1
Project("{FAE04EC0-301F-11D3-BF4B-00C04F79EFBC}") = "BinarySearch", "BinarySearch\BinarySearch.csproj", "{EB4E022A-64D2-4993-A183-01BC5836637F}"
EndProject
Global
	GlobalSection(SolutionConfigurationPlatforms) = preSolution
		Debug|Any CPU = Debug|Any CPU
		Release|Any CPU = Release|Any CPU
	EndGlobalSection
	GlobalSection(SolutionProperties) = preSolution
		HideSolutionNode = FALSE
	EndGlobalSection
	GlobalSection(ProjectConfigurationPlatforms) = postSolution
		{EB4E022A-64D2-4993-A183-01BC5836637F}.Debug|Any CPU.ActiveCfg = Debug|Any CPU
		{EB4E022A-64D2-4993-A183-01BC5836637F}.Debug|Any CPU.Build.0 = Debug|Any CPU
		{EB4E022A-64D2-4993-A183-01BC5836637F}.Release|Any CPU.ActiveCfg = Release|Any CPU
		{EB4E022A-64D2-4993-A183-01BC5836637F}.Release|Any CPU.Build.0 = Release|Any CPU
	EndGlobalSection
EndGlobal
